
Microsoft Visual Studio Solution File, Format Version 12.00
# Visual Studio Version 16
Project("{8BC9CEB8-8B4A-11D0-8D11-00A0C91BC942}") = "ALL_BUILD", "ALL_BUILD.vcxproj", "{0F62994F-BEB1-3A05-85C9-5FA1B382598E}"
	ProjectSection(ProjectDependencies) = postProject
		{1507F8B8-DB24-3921-A2AC-89AAF37AB5F9} = {1507F8B8-DB24-3921-A2AC-89AAF37AB5F9}
		{80F688E4-AFE1-3411-8E80-3267183A541D} = {80F688E4-AFE1-3411-8E80-3267183A541D}
	EndProjectSection
EndProject
Project("{8BC9CEB8-8B4A-11D0-8D11-00A0C91BC942}") = "ZERO_CHECK", "ZERO_CHECK.vcxproj", "{1507F8B8-DB24-3921-A2AC-89AAF37AB5F9}"
	ProjectSection(ProjectDependencies) = postProject
	EndProjectSection
EndProject
Project("{8BC9CEB8-8B4A-11D0-8D11-00A0C91BC942}") = "a", "a.vcxproj", "{80F688E4-AFE1-3411-8E80-3267183A541D}"
	ProjectSection(ProjectDependencies) = postProject
		{1507F8B8-DB24-3921-A2AC-89AAF37AB5F9} = {1507F8B8-DB24-3921-A2AC-89AAF37AB5F9}
	EndProjectSection
EndProject
Global
	GlobalSection(SolutionConfigurationPlatforms) = preSolution
		Debug|x64 = Debug|x64
		Release|x64 = Release|x64
		MinSizeRel|x64 = MinSizeRel|x64
		RelWithDebInfo|x64 = RelWithDebInfo|x64
	EndGlobalSection
	GlobalSection(ProjectConfigurationPlatforms) = postSolution
		{0F62994F-BEB1-3A05-85C9-5FA1B382598E}.Debug|x64.ActiveCfg = Debug|x64
		{0F62994F-BEB1-3A05-85C9-5FA1B382598E}.Release|x64.ActiveCfg = Release|x64
		{0F62994F-BEB1-3A05-85C9-5FA1B382598E}.MinSizeRel|x64.ActiveCfg = MinSizeRel|x64
		{0F62994F-BEB1-3A05-85C9-5FA1B382598E}.RelWithDebInfo|x64.ActiveCfg = RelWithDebInfo|x64
		{1507F8B8-DB24-3921-A2AC-89AAF37AB5F9}.Debug|x64.ActiveCfg = Debug|x64
		{1507F8B8-DB24-3921-A2AC-89AAF37AB5F9}.Debug|x64.Build.0 = Debug|x64
		{1507F8B8-DB24-3921-A2AC-89AAF37AB5F9}.Release|x64.ActiveCfg = Release|x64
		{1507F8B8-DB24-3921-A2AC-89AAF37AB5F9}.Release|x64.Build.0 = Release|x64
		{1507F8B8-DB24-3921-A2AC-89AAF37AB5F9}.MinSizeRel|x64.ActiveCfg = MinSizeRel|x64
		{1507F8B8-DB24-3921-A2AC-89AAF37AB5F9}.MinSizeRel|x64.Build.0 = MinSizeRel|x64
		{1507F8B8-DB24-3921-A2AC-89AAF37AB5F9}.RelWithDebInfo|x64.ActiveCfg = RelWithDebInfo|x64
		{1507F8B8-DB24-3921-A2AC-89AAF37AB5F9}.RelWithDebInfo|x64.Build.0 = RelWithDebInfo|x64
		{80F688E4-AFE1-3411-8E80-3267183A541D}.Debug|x64.ActiveCfg = Debug|x64
		{80F688E4-AFE1-3411-8E80-3267183A541D}.Debug|x64.Build.0 = Debug|x64
		{80F688E4-AFE1-3411-8E80-3267183A541D}.Release|x64.ActiveCfg = Release|x64
		{80F688E4-AFE1-3411-8E80-3267183A541D}.Release|x64.Build.0 = Release|x64
		{80F688E4-AFE1-3411-8E80-3267183A541D}.MinSizeRel|x64.ActiveCfg = MinSizeRel|x64
		{80F688E4-AFE1-3411-8E80-3267183A541D}.MinSizeRel|x64.Build.0 = MinSizeRel|x64
		{80F688E4-AFE1-3411-8E80-3267183A541D}.RelWithDebInfo|x64.ActiveCfg = RelWithDebInfo|x64
		{80F688E4-AFE1-3411-8E80-3267183A541D}.RelWithDebInfo|x64.Build.0 = RelWithDebInfo|x64
	EndGlobalSection
	GlobalSection(ExtensibilityGlobals) = postSolution
		SolutionGuid = {79D2BAD9-1646-3EF0-8AB0-7498D2F04AA8}
	EndGlobalSection
	GlobalSection(ExtensibilityAddIns) = postSolution
	EndGlobalSection
EndGlobal
