<?xml version="1.0" encoding="utf-8"?>
<Project ToolsVersion="16.0" xmlns="http://schemas.microsoft.com/developer/msbuild/2003">
  <ItemGroup>
    <ClCompile Include="D:\ITU\HBM514_Parallel_Programming\Project\3D_poisson.cpp">
      <Filter>Source Files</Filter>
    </ClCompile>
  </ItemGroup>
  <ItemGroup>
    <CustomBuild Include="D:\ITU\HBM514_Parallel_Programming\Project\CMakeLists.txt" />
  </ItemGroup>
  <ItemGroup>
    <Filter Include="Source Files">
      <UniqueIdentifier>{61CFB715-FE06-3556-B28E-8FF6DC4766AD}</UniqueIdentifier>
    </Filter>
  </ItemGroup>
</Project>
