<?xml version="1.0" encoding="utf-8"?>
<Project ToolsVersion="16.0" xmlns="http://schemas.microsoft.com/developer/msbuild/2003">
  <ItemGroup>
    <CustomBuild Include="D:\ITU\HBM514_Parallel_Programming\HW2\wbuild\CMakeFiles\9c764c798c7192d82e34e027f4bbe03d\generate.stamp.rule">
      <Filter>CMake Rules</Filter>
    </CustomBuild>
  </ItemGroup>
  <ItemGroup>
    <Filter Include="CMake Rules">
      <UniqueIdentifier>{43FCF961-A6C9-3493-83F4-96FAA80D0E9A}</UniqueIdentifier>
    </Filter>
  </ItemGroup>
</Project>
